
Microsoft Visual Studio Solution File, Format Version 12.00
# Visual Studio Version 17
VisualStudioVersion = 17.14.36915.13 d17.14
MinimumVisualStudioVersion = 10.0.40219.1
Project("{FAE04EC0-301F-11D3-BF4B-00C04F79EFBC}") = "UniCare.Api", "UniCare.Api\UniCare.Api.csproj", "{E4D3314F-D928-4AB1-A441-1812C9FDEDF4}"
EndProject
Project("{FAE04EC0-301F-11D3-BF4B-00C04F79EFBC}") = "UniCare.Domain", "UniCare.Domain\UniCare.Domain.csproj", "{508D49ED-81A6-4E77-8825-7FA9AED5C7D7}"
EndProject
Project("{FAE04EC0-301F-11D3-BF4B-00C04F79EFBC}") = "UniCare.Application", "UniCare.Application\UniCare.Application.csproj", "{CC6A19F6-624C-4BF1-B8B3-13BE60287574}"
EndProject
Project("{FAE04EC0-301F-11D3-BF4B-00C04F79EFBC}") = "UniCare.Infrastructure", "UniCare.Infrastructure\UniCare.Infrastructure.csproj", "{BF492D25-703E-4225-8528-503385E719A8}"
EndProject
Global
	GlobalSection(SolutionConfigurationPlatforms) = preSolution
		Debug|Any CPU = Debug|Any CPU
		Release|Any CPU = Release|Any CPU
	EndGlobalSection
	GlobalSection(ProjectConfigurationPlatforms) = postSolution
		{E4D3314F-D928-4AB1-A441-1812C9FDEDF4}.Debug|Any CPU.ActiveCfg = Debug|Any CPU
		{E4D3314F-D928-4AB1-A441-1812C9FDEDF4}.Debug|Any CPU.Build.0 = Debug|Any CPU
		{E4D3314F-D928-4AB1-A441-1812C9FDEDF4}.Release|Any CPU.ActiveCfg = Release|Any CPU
		{E4D3314F-D928-4AB1-A441-1812C9FDEDF4}.Release|Any CPU.Build.0 = Release|Any CPU
		{508D49ED-81A6-4E77-8825-7FA9AED5C7D7}.Debug|Any CPU.ActiveCfg = Debug|Any CPU
		{508D49ED-81A6-4E77-8825-7FA9AED5C7D7}.Debug|Any CPU.Build.0 = Debug|Any CPU
		{508D49ED-81A6-4E77-8825-7FA9AED5C7D7}.Release|Any CPU.ActiveCfg = Release|Any CPU
		{508D49ED-81A6-4E77-8825-7FA9AED5C7D7}.Release|Any CPU.Build.0 = Release|Any CPU
		{CC6A19F6-624C-4BF1-B8B3-13BE60287574}.Debug|Any CPU.ActiveCfg = Debug|Any CPU
		{CC6A19F6-624C-4BF1-B8B3-13BE60287574}.Debug|Any CPU.Build.0 = Debug|Any CPU
		{CC6A19F6-624C-4BF1-B8B3-13BE60287574}.Release|Any CPU.ActiveCfg = Release|Any CPU
		{CC6A19F6-624C-4BF1-B8B3-13BE60287574}.Release|Any CPU.Build.0 = Release|Any CPU
		{BF492D25-703E-4225-8528-503385E719A8}.Debug|Any CPU.ActiveCfg = Debug|Any CPU
		{BF492D25-703E-4225-8528-503385E719A8}.Debug|Any CPU.Build.0 = Debug|Any CPU
		{BF492D25-703E-4225-8528-503385E719A8}.Release|Any CPU.ActiveCfg = Release|Any CPU
		{BF492D25-703E-4225-8528-503385E719A8}.Release|Any CPU.Build.0 = Release|Any CPU
	EndGlobalSection
	GlobalSection(SolutionProperties) = preSolution
		HideSolutionNode = FALSE
	EndGlobalSection
	GlobalSection(ExtensibilityGlobals) = postSolution
		SolutionGuid = {F23014DC-237C-48B6-83C4-23E4FB8B132B}
	EndGlobalSection
EndGlobal
